{
  "version": 4,
  "terraform_version": "1.3.7",
  "serial": 14,
  "lineage": "ba4a4b91-fa43-302c-02ad-e0d2b2d6a46f",
  "outputs": {},
  "resources": [
    {
      "mode": "managed",
      "type": "proxmox_lxc",
      "name": "lxc-test",
      "provider": "provider[\"registry.terraform.io/telmate/proxmox\"]",
      "instances": [
        {
          "index_key": 0,
          "schema_version": 0,
          "attributes": {
            "arch": "amd64",
            "bwlimit": 0,
            "cmode": "tty",
            "console": true,
            "cores": 1,
            "cpulimit": 0,
            "cpuunits": 1024,
            "description": "",
            "features": [],
            "force": false,
            "hookscript": "",
            "hostname": "docker-vm",
            "id": "breda/lxc/400",
            "ignore_unpack_errors": false,
            "lock": "",
            "memory": 1024,
            "mountpoint": [],
            "nameserver": "",
            "network": [
              {
                "bridge": "vmbr0",
                "firewall": false,
                "gw": "192.168.0.1",
                "gw6": "",
                "hwaddr": "92:B6:07:85:2B:8B",
                "ip": "192.168.0.161/24",
                "ip6": "",
                "mtu": "",
                "name": "eth0",
                "rate": 0,
                "tag": 0,
                "trunks": "",
                "type": "veth"
              }
            ],
            "onboot": false,
            "ostemplate": "local:vztmpl/ubuntu-22.10-standard_22.10-1_amd64.tar.zst",
            "ostype": "ubuntu",
            "password": "123456",
            "pool": "",
            "protection": false,
            "restore": false,
            "rootfs": [
              {
                "size": "8G",
                "storage": "local-lvm",
                "volume": "local-lvm:vm-400-disk-0"
              }
            ],
            "searchdomain": "",
            "ssh_public_keys": "ssh-rsa AAAAB3NzaC1yc2EAAAADAQABAAABgQCStIRocn3UOL15XHjo3bq7ECNg1YBcJMt956oHG5ShORrvZzvDChCtH1UDO4YD4dDEUCxoKvsrYzOyLTrLjN+mukq/jDUceNOoIRDfcqSkZKWpYWmt6QB0tcwpgWACzcJzc0H7HZyr5vxoN18yekHFf1vlBLLd2iGM6PFDvqlCPMC4g2sPmqYI3pyC/2M+21T/g+61kYTZiGJIkYZfG+Ql8uFYxRflp2W9/7VnS4H2o07N4We2NV98zSFxXjsJtLEn51uz0aJAer1Qjkv99mu6K/n64fmxT7xprZ9mNWBQCgFKB7a1v6x//sgi6ZH6hBPmqXGJ8md3HahF7+mYeQJJGjltuCDtVQiNZUwK+tLZ4Pno77TEf9A4A5ChRc0bgRngMwSJ0/ZbHtgxYtdKJTPvA28rOookMnk6+S5WBZv4C/a5ECp7KWiA0GD1iSRK9eTv3ogmgoUnZ6Gc52EaFYIP7SVEOGL5vB/5/H14Qsa4kDQ8UkPVpENdwk9K+AMX6v0= marcelo@fedora\n",
            "start": true,
            "startup": "",
            "swap": 2048,
            "target_node": "breda",
            "template": false,
            "tty": 2,
            "unique": false,
            "unprivileged": true,
            "unused": null,
            "vmid": 400
          },
          "sensitive_attributes": [],
          "private": "bnVsbA=="
        },
        {
          "index_key": 1,
          "schema_version": 0,
          "attributes": {
            "arch": "amd64",
            "bwlimit": 0,
            "cmode": "tty",
            "console": true,
            "cores": 1,
            "cpulimit": 0,
            "cpuunits": 1024,
            "description": "",
            "features": [],
            "force": false,
            "hookscript": "",
            "hostname": "docker-vm2",
            "id": "breda/lxc/401",
            "ignore_unpack_errors": false,
            "lock": "",
            "memory": 1024,
            "mountpoint": [],
            "nameserver": "",
            "network": [
              {
                "bridge": "vmbr0",
                "firewall": false,
                "gw": "192.168.0.1",
                "gw6": "",
                "hwaddr": "5E:E3:81:8C:AD:2D",
                "ip": "192.168.0.162/24",
                "ip6": "",
                "mtu": "",
                "name": "eth0",
                "rate": 0,
                "tag": 0,
                "trunks": "",
                "type": "veth"
              }
            ],
            "onboot": false,
            "ostemplate": "local:vztmpl/ubuntu-22.10-standard_22.10-1_amd64.tar.zst",
            "ostype": "ubuntu",
            "password": "123456",
            "pool": "",
            "protection": false,
            "restore": false,
            "rootfs": [
              {
                "size": "8G",
                "storage": "local-lvm",
                "volume": "local-lvm:vm-401-disk-0"
              }
            ],
            "searchdomain": "",
            "ssh_public_keys": "ssh-rsa AAAAB3NzaC1yc2EAAAADAQABAAABgQCStIRocn3UOL15XHjo3bq7ECNg1YBcJMt956oHG5ShORrvZzvDChCtH1UDO4YD4dDEUCxoKvsrYzOyLTrLjN+mukq/jDUceNOoIRDfcqSkZKWpYWmt6QB0tcwpgWACzcJzc0H7HZyr5vxoN18yekHFf1vlBLLd2iGM6PFDvqlCPMC4g2sPmqYI3pyC/2M+21T/g+61kYTZiGJIkYZfG+Ql8uFYxRflp2W9/7VnS4H2o07N4We2NV98zSFxXjsJtLEn51uz0aJAer1Qjkv99mu6K/n64fmxT7xprZ9mNWBQCgFKB7a1v6x//sgi6ZH6hBPmqXGJ8md3HahF7+mYeQJJGjltuCDtVQiNZUwK+tLZ4Pno77TEf9A4A5ChRc0bgRngMwSJ0/ZbHtgxYtdKJTPvA28rOookMnk6+S5WBZv4C/a5ECp7KWiA0GD1iSRK9eTv3ogmgoUnZ6Gc52EaFYIP7SVEOGL5vB/5/H14Qsa4kDQ8UkPVpENdwk9K+AMX6v0= marcelo@fedora\n",
            "start": true,
            "startup": "",
            "swap": 2048,
            "target_node": "breda",
            "template": false,
            "tty": 2,
            "unique": false,
            "unprivileged": true,
            "unused": null,
            "vmid": 401
          },
          "sensitive_attributes": [],
          "private": "bnVsbA=="
        }
      ]
    }
  ],
  "check_results": null
}
